
Microsoft Visual Studio Solution File, Format Version 12.00
# Visual Studio 14
VisualStudioVersion = 14.0.25420.1
MinimumVisualStudioVersion = 10.0.40219.1
Project("{FAE04EC0-301F-11D3-BF4B-00C04F79EFBC}") = "osuDodgyMomentsFinder", "osuDodgyMomentsFinder\osuDodgyMomentsFinder.csproj", "{78BA9DB5-35BA-41BA-87F4-E69DDCD266B0}"
EndProject
Project("{FAE04EC0-301F-11D3-BF4B-00C04F79EFBC}") = "GUI", "WPF_GUI\GUI.csproj", "{1167CBE5-8D31-4305-BEB5-FD810D72858B}"
EndProject
Global
	GlobalSection(SolutionConfigurationPlatforms) = preSolution
		Debug|Any CPU = Debug|Any CPU
		Release|Any CPU = Release|Any CPU
	EndGlobalSection
	GlobalSection(ProjectConfigurationPlatforms) = postSolution
		{78BA9DB5-35BA-41BA-87F4-E69DDCD266B0}.Debug|Any CPU.ActiveCfg = Debug|Any CPU
		{78BA9DB5-35BA-41BA-87F4-E69DDCD266B0}.Debug|Any CPU.Build.0 = Debug|Any CPU
		{78BA9DB5-35BA-41BA-87F4-E69DDCD266B0}.Release|Any CPU.ActiveCfg = Release|Any CPU
		{78BA9DB5-35BA-41BA-87F4-E69DDCD266B0}.Release|Any CPU.Build.0 = Release|Any CPU
		{1167CBE5-8D31-4305-BEB5-FD810D72858B}.Debug|Any CPU.ActiveCfg = Debug|Any CPU
		{1167CBE5-8D31-4305-BEB5-FD810D72858B}.Debug|Any CPU.Build.0 = Debug|Any CPU
		{1167CBE5-8D31-4305-BEB5-FD810D72858B}.Release|Any CPU.ActiveCfg = Release|Any CPU
		{1167CBE5-8D31-4305-BEB5-FD810D72858B}.Release|Any CPU.Build.0 = Release|Any CPU
	EndGlobalSection
	GlobalSection(SolutionProperties) = preSolution
		HideSolutionNode = FALSE
	EndGlobalSection
EndGlobal
